
Microsoft Visual Studio Solution File, Format Version 12.00
# Visual Studio Version 17
VisualStudioVersion = 17.0.31903.59
MinimumVisualStudioVersion = 10.0.40219.1
Project("{2150E333-8FDC-42A3-9474-1A3956D46DE8}") = "src", "src", "{CBF91F94-F3AD-4627-911E-0E01E24BDCF6}"
EndProject
Project("{FAE04EC0-301F-11D3-BF4B-00C04F79EFBC}") = "XnViewPlaylistBuilder.Core", "src\XnViewPlaylistBuilder.Core\XnViewPlaylistBuilder.Core.csproj", "{A5D98250-8C81-403F-9284-250365F25CF1}"
EndProject
Project("{2150E333-8FDC-42A3-9474-1A3956D46DE8}") = "tests", "tests", "{241B5ABF-9A63-465F-9FF8-5FEE5633879D}"
EndProject
Project("{FAE04EC0-301F-11D3-BF4B-00C04F79EFBC}") = "XnViewPlaylistBuilder.Tests", "tests\XnViewPlaylistBuilder.Tests\XnViewPlaylistBuilder.Tests.csproj", "{8984F3E0-AFAB-49B9-A64D-EC71155ACF3E}"
EndProject
Project("{FAE04EC0-301F-11D3-BF4B-00C04F79EFBC}") = "XnViewPlaylistBuilder", "src\XnViewPlaylistBuilder\XnViewPlaylistBuilder.csproj", "{26D17621-61D4-4385-A1CB-EC311FDE4005}"
EndProject
Global
	GlobalSection(SolutionConfigurationPlatforms) = preSolution
		Debug|Any CPU = Debug|Any CPU
		Release|Any CPU = Release|Any CPU
	EndGlobalSection
	GlobalSection(SolutionProperties) = preSolution
		HideSolutionNode = FALSE
	EndGlobalSection
	GlobalSection(ProjectConfigurationPlatforms) = postSolution
		{A5D98250-8C81-403F-9284-250365F25CF1}.Debug|Any CPU.ActiveCfg = Debug|Any CPU
		{A5D98250-8C81-403F-9284-250365F25CF1}.Debug|Any CPU.Build.0 = Debug|Any CPU
		{A5D98250-8C81-403F-9284-250365F25CF1}.Release|Any CPU.ActiveCfg = Release|Any CPU
		{A5D98250-8C81-403F-9284-250365F25CF1}.Release|Any CPU.Build.0 = Release|Any CPU
		{8984F3E0-AFAB-49B9-A64D-EC71155ACF3E}.Debug|Any CPU.ActiveCfg = Debug|Any CPU
		{8984F3E0-AFAB-49B9-A64D-EC71155ACF3E}.Debug|Any CPU.Build.0 = Debug|Any CPU
		{8984F3E0-AFAB-49B9-A64D-EC71155ACF3E}.Release|Any CPU.ActiveCfg = Release|Any CPU
		{8984F3E0-AFAB-49B9-A64D-EC71155ACF3E}.Release|Any CPU.Build.0 = Release|Any CPU
		{26D17621-61D4-4385-A1CB-EC311FDE4005}.Debug|Any CPU.ActiveCfg = Debug|Any CPU
		{26D17621-61D4-4385-A1CB-EC311FDE4005}.Debug|Any CPU.Build.0 = Debug|Any CPU
		{26D17621-61D4-4385-A1CB-EC311FDE4005}.Release|Any CPU.ActiveCfg = Release|Any CPU
		{26D17621-61D4-4385-A1CB-EC311FDE4005}.Release|Any CPU.Build.0 = Release|Any CPU
	EndGlobalSection
	GlobalSection(NestedProjects) = preSolution
		{A5D98250-8C81-403F-9284-250365F25CF1} = {CBF91F94-F3AD-4627-911E-0E01E24BDCF6}
		{8984F3E0-AFAB-49B9-A64D-EC71155ACF3E} = {241B5ABF-9A63-465F-9FF8-5FEE5633879D}
		{26D17621-61D4-4385-A1CB-EC311FDE4005} = {CBF91F94-F3AD-4627-911E-0E01E24BDCF6}
	EndGlobalSection
EndGlobal
